lockfileVersion: '9.0'

settings:
  autoInstallPeers: true
  excludeLinksFromLockfile: false

importers:
  .:
    dependencies:
      lodash:
        specifier: 4.17.20
        version: 4.17.20
      minimist:
        specifier: 1.2.5
        version: 1.2.5

packages:

  lodash@4.17.20:
    resolution: {integrity: sha512-PlhdFcillOINfeV7Ni6oF1TAEayyZBoZ8bcshTHqOYJYlrqzRK5hagpagky5o4HfpzzatW8o2bm9QBBKvgHsQ==}
    engines: {node: '>=0.0.1'}

  minimist@1.2.5:
    resolution: {integrity: sha512-FM9nNUYrRBAELZQT3xeZQ7fmMOBg6nWNmJKTcgsJeaLstP/UODVpGsr5OhXhhXg6f+qtJ8uiZ+PUxkDWcgIXLw==}
    engines: {node: '>=0.0.1'}
